// !$*UTF8*$!
{
	archiveVersion = 1;
	classes = {
	};
	objectVersion = 46;
	objects = {

/* Begin PBXBuildFile section */
		6F3E7F311C734E41005BC8AB /* AppDelegate.swift in Sources */ = {isa = PBXBuildFile; fileRef = 6F3E7F301C734E41005BC8AB /* AppDelegate.swift */; };
		6F3E7F331C734E41005BC8AB /* ViewController.swift in Sources */ = {isa = PBXBuildFile; fileRef = 6F3E7F321C734E41005BC8AB /* ViewController.swift */; };
		6F3E7F361C734E41005BC8AB /* Main.storyboard in Resources */ = {isa = PBXBuildFile; fileRef = 6F3E7F341C734E41005BC8AB /* Main.storyboard */; };
		6F3E7F381C734E41005BC8AB /* Assets.xcassets in Resources */ = {isa = PBXBuildFile; fileRef = 6F3E7F371C734E41005BC8AB /* Assets.xcassets */; };
		6F3E7F3B1C734E41005BC8AB /* LaunchScreen.storyboard in Resources */ = {isa = PBXBuildFile; fileRef = 6F3E7F391C734E41005BC8AB /* LaunchScreen.storyboard */; };
		6F8F8D6D1C736B32008863C1 /* pokemon.csv in Resources */ = {isa = PBXBuildFile; fileRef = 6F8F8D6C1C736B32008863C1 /* pokemon.csv */; };
		6F8F8D701C738B66008863C1 /* Pokemon.swift in Sources */ = {isa = PBXBuildFile; fileRef = 6F8F8D6F1C738B66008863C1 /* Pokemon.swift */; };
		6F8F8D731C739D28008863C1 /* PokiCell.swift in Sources */ = {isa = PBXBuildFile; fileRef = 6F8F8D721C739D28008863C1 /* PokiCell.swift */; };
/* End PBXBuildFile section */

/* Begin PBXFileReference section */
		6F3E7F2D1C734E41005BC8AB /* ThisIsMyPokidex.app */ = {isa = PBXFileReference; explicitFileType = wrapper.application; includeInIndex = 0; path = ThisIsMyPokidex.app; sourceTree = BUILT_PRODUCTS_DIR; };
		6F3E7F301C734E41005BC8AB /* AppDelegate.swift */ = {isa = PBXFileReference; lastKnownFileType = sourcecode.swift; path = AppDelegate.swift; sourceTree = "<group>"; };
		6F3E7F321C734E41005BC8AB /* ViewController.swift */ = {isa = PBXFileReference; lastKnownFileType = sourcecode.swift; path = ViewController.swift; sourceTree = "<group>"; };
		6F3E7F351C734E41005BC8AB /* Base */ = {isa = PBXFileReference; lastKnownFileType = file.storyboard; name = Base; path = Base.lproj/Main.storyboard; sourceTree = "<group>"; };
		6F3E7F371C734E41005BC8AB /* Assets.xcassets */ = {isa = PBXFileReference; lastKnownFileType = folder.assetcatalog; path = Assets.xcassets; sourceTree = "<group>"; };
		6F3E7F3A1C734E41005BC8AB /* Base */ = {isa = PBXFileReference; lastKnownFileType = file.storyboard; name = Base; path = Base.lproj/LaunchScreen.storyboard; sourceTree = "<group>"; };
		6F3E7F3C1C734E41005BC8AB /* Info.plist */ = {isa = PBXFileReference; lastKnownFileType = text.plist.xml; path = Info.plist; sourceTree = "<group>"; };
		6F8F8D6C1C736B32008863C1 /* pokemon.csv */ = {isa = PBXFileReference; fileEncoding = 4; lastKnownFileType = text; path = pokemon.csv; sourceTree = "<group>"; };
		6F8F8D6F1C738B66008863C1 /* Pokemon.swift */ = {isa = PBXFileReference; fileEncoding = 4; lastKnownFileType = sourcecode.swift; path = Pokemon.swift; sourceTree = "<group>"; };
		6F8F8D721C739D28008863C1 /* PokiCell.swift */ = {isa = PBXFileReference; fileEncoding = 4; lastKnownFileType = sourcecode.swift; path = PokiCell.swift; sourceTree = "<group>"; };
/* End PBXFileReference section */

/* Begin PBXFrameworksBuildPhase section */
		6F3E7F2A1C734E41005BC8AB /* Frameworks */ = {
			isa = PBXFrameworksBuildPhase;
			buildActionMask = 2147483647;
			files = (
			);
			runOnlyForDeploymentPostprocessing = 0;
		};
/* End PBXFrameworksBuildPhase section */

/* Begin PBXGroup section */
		6F3E7F241C734E41005BC8AB = {
			isa = PBXGroup;
			children = (
				6F3E7F2F1C734E41005BC8AB /* ThisIsMyPokidex */,
				6F3E7F2E1C734E41005BC8AB /* Products */,
			);
			sourceTree = "<group>";
		};
		6F3E7F2E1C734E41005BC8AB /* Products */ = {
			isa = PBXGroup;
			children = (
				6F3E7F2D1C734E41005BC8AB /* ThisIsMyPokidex.app */,
			);
			name = Products;
			sourceTree = "<group>";
		};
		6F3E7F2F1C734E41005BC8AB /* ThisIsMyPokidex */ = {
			isa = PBXGroup;
			children = (
				6F8F8D6E1C738B55008863C1 /* Model */,
				6F8F8D711C739D04008863C1 /* View */,
				6F3E7F301C734E41005BC8AB /* AppDelegate.swift */,
				6F3E7F321C734E41005BC8AB /* ViewController.swift */,
				6F8F8D6C1C736B32008863C1 /* pokemon.csv */,
				6F3E7F341C734E41005BC8AB /* Main.storyboard */,
				6F3E7F371C734E41005BC8AB /* Assets.xcassets */,
				6F3E7F391C734E41005BC8AB /* LaunchScreen.storyboard */,
				6F3E7F3C1C734E41005BC8AB /* Info.plist */,
			);
			path = ThisIsMyPokidex;
			sourceTree = "<group>";
		};
		6F8F8D6E1C738B55008863C1 /* Model */ = {
			isa = PBXGroup;
			children = (
				6F8F8D6F1C738B66008863C1 /* Pokemon.swift */,
			);
			name = Model;
			sourceTree = "<group>";
		};
		6F8F8D711C739D04008863C1 /* View */ = {
			isa = PBXGroup;
			children = (
				6F8F8D721C739D28008863C1 /* PokiCell.swift */,
			);
			name = View;
			sourceTree = "<group>";
		};
/* End PBXGroup section */

/* Begin PBXNativeTarget section */
		6F3E7F2C1C734E41005BC8AB /* ThisIsMyPokidex */ = {
			isa = PBXNativeTarget;
			buildConfigurationList = 6F3E7F3F1C734E41005BC8AB /* Build configuration list for PBXNativeTarget "ThisIsMyPokidex" */;
			buildPhases = (
				6F3E7F291C734E41005BC8AB /* Sources */,
				6F3E7F2A1C734E41005BC8AB /* Frameworks */,
				6F3E7F2B1C734E41005BC8AB /* Resources */,
			);
			buildRules = (
			);
			dependencies = (
			);
			name = ThisIsMyPokidex;
			productName = ThisIsMyPokidex;
			productReference = 6F3E7F2D1C734E41005BC8AB /* ThisIsMyPokidex.app */;
			productType = "com.apple.product-type.application";
		};
/* End PBXNativeTarget section */

/* Begin PBXProject section */
		6F3E7F251C734E41005BC8AB /* Project object */ = {
			isa = PBXProject;
			attributes = {
				LastSwiftUpdateCheck = 0720;
				LastUpgradeCheck = 0720;
				ORGANIZATIONNAME = "Ville-Matti Hakanpää";
				TargetAttributes = {
					6F3E7F2C1C734E41005BC8AB = {
						CreatedOnToolsVersion = 7.2.1;
						DevelopmentTeam = 7U43JMHDZF;
					};
				};
			};
			buildConfigurationList = 6F3E7F281C734E41005BC8AB /* Build configuration list for PBXProject "ThisIsMyPokidex" */;
			compatibilityVersion = "Xcode 3.2";
			developmentRegion = English;
			hasScannedForEncodings = 0;
			knownRegions = (
				en,
				Base,
			);
			mainGroup = 6F3E7F241C734E41005BC8AB;
			productRefGroup = 6F3E7F2E1C734E41005BC8AB /* Products */;
			projectDirPath = "";
			projectRoot = "";
			targets = (
				6F3E7F2C1C734E41005BC8AB /* ThisIsMyPokidex */,
			);
		};
/* End PBXProject section */

/* Begin PBXResourcesBuildPhase section */
		6F3E7F2B1C734E41005BC8AB /* Resources */ = {
			isa = PBXResourcesBuildPhase;
			buildActionMask = 2147483647;
			files = (
				6F3E7F3B1C734E41005BC8AB /* LaunchScreen.storyboard in Resources */,
				6F3E7F381C734E41005BC8AB /* Assets.xcassets in Resources */,
				6F8F8D6D1C736B32008863C1 /* pokemon.csv in Resources */,
				6F3E7F361C734E41005BC8AB /* Main.storyboard in Resources */,
			);
			runOnlyForDeploymentPostprocessing = 0;
		};
/* End PBXResourcesBuildPhase section */

/* Begin PBXSourcesBuildPhase section */
		6F3E7F291C734E41005BC8AB /* Sources */ = {
			isa = PBXSourcesBuildPhase;
			buildActionMask = 2147483647;
			files = (
				6F8F8D731C739D28008863C1 /* PokiCell.swift in Sources */,
				6F3E7F331C734E41005BC8AB /* ViewController.swift in Sources */,
				6F3E7F311C734E41005BC8AB /* AppDelegate.swift in Sources */,
				6F8F8D701C738B66008863C1 /* Pokemon.swift in Sources */,
			);
			runOnlyForDeploymentPostprocessing = 0;
		};
/* End PBXSourcesBuildPhase section */

/* Begin PBXVariantGroup section */
		6F3E7F341C734E41005BC8AB /* Main.storyboard */ = {
			isa = PBXVariantGroup;
			children = (
				6F3E7F351C734E41005BC8AB /* Base */,
			);
			name = Main.storyboard;
			sourceTree = "<group>";
		};
		6F3E7F391C734E41005BC8AB /* LaunchScreen.storyboard */ = {
			isa = PBXVariantGroup;
			children = (
				6F3E7F3A1C734E41005BC8AB /* Base */,
			);
			name = LaunchScreen.storyboard;
			sourceTree = "<group>";
		};
/* End PBXVariantGroup section */

/* Begin XCBuildConfiguration section */
		6F3E7F3D1C734E41005BC8AB /* Debug */ = {
			isa = XCBuildConfiguration;
			buildSettings = {
				ALWAYS_SEARCH_USER_PATHS = NO;
				CLANG_CXX_LANGUAGE_STANDARD = "gnu++0x";
				CLANG_CXX_LIBRARY = "libc++";
				CLANG_ENABLE_MODULES = YES;
				CLANG_ENABLE_OBJC_ARC = YES;
				CLANG_WARN_BOOL_CONVERSION = YES;
				CLANG_WARN_CONSTANT_CONVERSION = YES;
				CLANG_WARN_DIRECT_OBJC_ISA_USAGE = YES_ERROR;
				CLANG_WARN_EMPTY_BODY = YES;
				CLANG_WARN_ENUM_CONVERSION = YES;
				CLANG_WARN_INT_CONVERSION = YES;
				CLANG_WARN_OBJC_ROOT_CLASS = YES_ERROR;
				CLANG_WARN_UNREACHABLE_CODE = YES;
				CLANG_WARN__DUPLICATE_METHOD_MATCH = YES;
				"CODE_SIGN_IDENTITY[sdk=iphoneos*]" = "iPhone Developer";
				COPY_PHASE_STRIP = NO;
				DEBUG_INFORMATION_FORMAT = dwarf;
				ENABLE_STRICT_OBJC_MSGSEND = YES;
				ENABLE_TESTABILITY = YES;
				GCC_C_LANGUAGE_STANDARD = gnu99;
				GCC_DYNAMIC_NO_PIC = NO;
				GCC_NO_COMMON_BLOCKS = YES;
				GCC_OPTIMIZATION_LEVEL = 0;
				GCC_PREPROCESSOR_DEFINITIONS = (
					"DEBUG=1",
					"$(inherited)",
				);
				GCC_WARN_64_TO_32_BIT_CONVERSION = YES;
				GCC_WARN_ABOUT_RETURN_TYPE = YES_ERROR;
				GCC_WARN_UNDECLARED_SELECTOR = YES;
				GCC_WARN_UNINITIALIZED_AUTOS = YES_AGGRESSIVE;
				GCC_WARN_UNUSED_FUNCTION = YES;
				GCC_WARN_UNUSED_VARIABLE = YES;
				IPHONEOS_DEPLOYMENT_TARGET = 9.2;
				MTL_ENABLE_DEBUG_INFO = YES;
				ONLY_ACTIVE_ARCH = YES;
				SDKROOT = iphoneos;
				SWIFT_OPTIMIZATION_LEVEL = "-Onone";
			};
			name = Debug;
		};
		6F3E7F3E1C734E41005BC8AB /* Release */ = {
			isa = XCBuildConfiguration;
			buildSettings = {
				ALWAYS_SEARCH_USER_PATHS = NO;
				CLANG_CXX_LANGUAGE_STANDARD = "gnu++0x";
				CLANG_CXX_LIBRARY = "libc++";
				CLANG_ENABLE_MODULES = YES;
				CLANG_ENABLE_OBJC_ARC = YES;
				CLANG_WARN_BOOL_CONVERSION = YES;
				CLANG_WARN_CONSTANT_CONVERSION = YES;
				CLANG_WARN_DIRECT_OBJC_ISA_USAGE = YES_ERROR;
				CLANG_WARN_EMPTY_BODY = YES;
				CLANG_WARN_ENUM_CONVERSION = YES;
				CLANG_WARN_INT_CONVERSION = YES;
				CLANG_WARN_OBJC_ROOT_CLASS = YES_ERROR;
				CLANG_WARN_UNREACHABLE_CODE = YES;
				CLANG_WARN__DUPLICATE_METHOD_MATCH = YES;
				"CODE_SIGN_IDENTITY[sdk=iphoneos*]" = "iPhone Developer";
				COPY_PHASE_STRIP = NO;
				DEBUG_INFORMATION_FORMAT = "dwarf-with-dsym";
				ENABLE_NS_ASSERTIONS = NO;
				ENABLE_STRICT_OBJC_MSGSEND = YES;
				GCC_C_LANGUAGE_STANDARD = gnu99;
				GCC_NO_COMMON_BLOCKS = YES;
				GCC_WARN_64_TO_32_BIT_CONVERSION = YES;
				GCC_WARN_ABOUT_RETURN_TYPE = YES_ERROR;
				GCC_WARN_UNDECLARED_SELECTOR = YES;
				GCC_WARN_UNINITIALIZED_AUTOS = YES_AGGRESSIVE;
				GCC_WARN_UNUSED_FUNCTION = YES;
				GCC_WARN_UNUSED_VARIABLE = YES;
				IPHONEOS_DEPLOYMENT_TARGET = 9.2;
				MTL_ENABLE_DEBUG_INFO = NO;
				SDKROOT = iphoneos;
				VALIDATE_PRODUCT = YES;
			};
			name = Release;
		};
		6F3E7F401C734E41005BC8AB /* Debug */ = {
			isa = XCBuildConfiguration;
			buildSettings = {
				ASSETCATALOG_COMPILER_APPICON_NAME = AppIcon;
				INFOPLIST_FILE = ThisIsMyPokidex/Info.plist;
				LD_RUNPATH_SEARCH_PATHS = "$(inherited) @executable_path/Frameworks";
				PRODUCT_BUNDLE_IDENTIFIER = com.dapper.ThisIsMyPokidex;
				PRODUCT_NAME = "$(TARGET_NAME)";
				TARGETED_DEVICE_FAMILY = "1,2";
			};
			name = Debug;
		};
		6F3E7F411C734E41005BC8AB /* Release */ = {
			isa = XCBuildConfiguration;
			buildSettings = {
				ASSETCATALOG_COMPILER_APPICON_NAME = AppIcon;
				INFOPLIST_FILE = ThisIsMyPokidex/Info.plist;
				LD_RUNPATH_SEARCH_PATHS = "$(inherited) @executable_path/Frameworks";
				PRODUCT_BUNDLE_IDENTIFIER = com.dapper.ThisIsMyPokidex;
				PRODUCT_NAME = "$(TARGET_NAME)";
				TARGETED_DEVICE_FAMILY = "1,2";
			};
			name = Release;
		};
/* End XCBuildConfiguration section */

/* Begin XCConfigurationList section */
		6F3E7F281C734E41005BC8AB /* Build configuration list for PBXProject "ThisIsMyPokidex" */ = {
			isa = XCConfigurationList;
			buildConfigurations = (
				6F3E7F3D1C734E41005BC8AB /* Debug */,
				6F3E7F3E1C734E41005BC8AB /* Release */,
			);
			defaultConfigurationIsVisible = 0;
			defaultConfigurationName = Release;
		};
		6F3E7F3F1C734E41005BC8AB /* Build configuration list for PBXNativeTarget "ThisIsMyPokidex" */ = {
			isa = XCConfigurationList;
			buildConfigurations = (
				6F3E7F401C734E41005BC8AB /* Debug */,
				6F3E7F411C734E41005BC8AB /* Release */,
			);
			defaultConfigurationIsVisible = 0;
			defaultConfigurationName = Release;
		};
/* End XCConfigurationList section */
	};
	rootObject = 6F3E7F251C734E41005BC8AB /* Project object */;
}
